
Microsoft Visual Studio Solution File, Format Version 12.00
# Visual Studio 15
VisualStudioVersion = 15.0.26730.16
MinimumVisualStudioVersion = 10.0.40219.1
Project("{FAE04EC0-301F-11D3-BF4B-00C04F79EFBC}") = "Dari", "Dari\Dari.csproj", "{C453D4DD-33B5-4BE8-875E-A03A920E37BE}"
EndProject
Global
	GlobalSection(SolutionConfigurationPlatforms) = preSolution
		Debug|Any CPU = Debug|Any CPU
		Release|Any CPU = Release|Any CPU
	EndGlobalSection
	GlobalSection(ProjectConfigurationPlatforms) = postSolution
		{C453D4DD-33B5-4BE8-875E-A03A920E37BE}.Debug|Any CPU.ActiveCfg = Debug|Any CPU
		{C453D4DD-33B5-4BE8-875E-A03A920E37BE}.Debug|Any CPU.Build.0 = Debug|Any CPU
		{C453D4DD-33B5-4BE8-875E-A03A920E37BE}.Release|Any CPU.ActiveCfg = Release|Any CPU
		{C453D4DD-33B5-4BE8-875E-A03A920E37BE}.Release|Any CPU.Build.0 = Release|Any CPU
	EndGlobalSection
	GlobalSection(SolutionProperties) = preSolution
		HideSolutionNode = FALSE
	EndGlobalSection
	GlobalSection(ExtensibilityGlobals) = postSolution
		SolutionGuid = {D4B172EF-70E0-4A6B-899C-C76D9CE0550B}
	EndGlobalSection
EndGlobal
